
Microsoft Visual Studio Solution File, Format Version 11.00
# Visual Studio 2010
Project("{FAE04EC0-301F-11D3-BF4B-00C04F79EFBC}") = "SXL.Gui", "SXL.Gui\SXL.Gui.csproj", "{05E99BBD-6780-477D-93DF-3C22A7413B69}"
EndProject
Project("{FAE04EC0-301F-11D3-BF4B-00C04F79EFBC}") = "SXL.ComponentFramework", "SXL.ComponentFramework\SXL.ComponentFramework.csproj", "{A2F1B2E1-770E-4DBF-B500-B210E60461F0}"
EndProject
Project("{FAE04EC0-301F-11D3-BF4B-00C04F79EFBC}") = "SXL.TextureManipulator", "SXL.TextureManipulator\SXL.TextureManipulator.csproj", "{D0CC1302-356C-4484-ABC7-C4F0614DA599}"
EndProject
Project("{FAE04EC0-301F-11D3-BF4B-00C04F79EFBC}") = "SXL.Language", "SXL.Language\SXL.Language.csproj", "{482A4668-D8C7-4CA6-A190-1B64393B5732}"
EndProject
Project("{FAE04EC0-301F-11D3-BF4B-00C04F79EFBC}") = "SXL.Language.Pipeline", "SXL.Language.Pipeline\SXL.Language.Pipeline.csproj", "{6C17F904-AB54-424C-9542-ED87B1BA5B60}"
EndProject
Project("{FAE04EC0-301F-11D3-BF4B-00C04F79EFBC}") = "SXL.Debug", "SXL.Debug\SXL.Debug.csproj", "{C480675E-B8D9-4AE2-BED9-250417EF8567}"
EndProject
Project("{FAE04EC0-301F-11D3-BF4B-00C04F79EFBC}") = "SXL.Viewer", "SXL.Viewer\SXL.Viewer\SXL.Viewer.csproj", "{899A3928-061A-430A-9CD3-252C35250FFF}"
EndProject
Project("{FAE04EC0-301F-11D3-BF4B-00C04F79EFBC}") = "SXL.ViewerContent", "SXL.Viewer\SXL.ViewerContent\SXL.ViewerContent.contentproj", "{B86D2352-3FAD-442D-94A1-6C026E0712F3}"
EndProject
Global
	GlobalSection(SolutionConfigurationPlatforms) = preSolution
		Debug|x86 = Debug|x86
		Release|x86 = Release|x86
	EndGlobalSection
	GlobalSection(ProjectConfigurationPlatforms) = postSolution
		{05E99BBD-6780-477D-93DF-3C22A7413B69}.Debug|x86.ActiveCfg = Debug|x86
		{05E99BBD-6780-477D-93DF-3C22A7413B69}.Debug|x86.Build.0 = Debug|x86
		{05E99BBD-6780-477D-93DF-3C22A7413B69}.Release|x86.ActiveCfg = Release|x86
		{05E99BBD-6780-477D-93DF-3C22A7413B69}.Release|x86.Build.0 = Release|x86
		{A2F1B2E1-770E-4DBF-B500-B210E60461F0}.Debug|x86.ActiveCfg = Debug|x86
		{A2F1B2E1-770E-4DBF-B500-B210E60461F0}.Debug|x86.Build.0 = Debug|x86
		{A2F1B2E1-770E-4DBF-B500-B210E60461F0}.Release|x86.ActiveCfg = Release|x86
		{A2F1B2E1-770E-4DBF-B500-B210E60461F0}.Release|x86.Build.0 = Release|x86
		{D0CC1302-356C-4484-ABC7-C4F0614DA599}.Debug|x86.ActiveCfg = Debug|x86
		{D0CC1302-356C-4484-ABC7-C4F0614DA599}.Debug|x86.Build.0 = Debug|x86
		{D0CC1302-356C-4484-ABC7-C4F0614DA599}.Release|x86.ActiveCfg = Release|x86
		{D0CC1302-356C-4484-ABC7-C4F0614DA599}.Release|x86.Build.0 = Release|x86
		{482A4668-D8C7-4CA6-A190-1B64393B5732}.Debug|x86.ActiveCfg = Debug|x86
		{482A4668-D8C7-4CA6-A190-1B64393B5732}.Debug|x86.Build.0 = Debug|x86
		{482A4668-D8C7-4CA6-A190-1B64393B5732}.Release|x86.ActiveCfg = Release|x86
		{482A4668-D8C7-4CA6-A190-1B64393B5732}.Release|x86.Build.0 = Release|x86
		{6C17F904-AB54-424C-9542-ED87B1BA5B60}.Debug|x86.ActiveCfg = Debug|x86
		{6C17F904-AB54-424C-9542-ED87B1BA5B60}.Debug|x86.Build.0 = Debug|x86
		{6C17F904-AB54-424C-9542-ED87B1BA5B60}.Release|x86.ActiveCfg = Debug|x86
		{6C17F904-AB54-424C-9542-ED87B1BA5B60}.Release|x86.Build.0 = Debug|x86
		{C480675E-B8D9-4AE2-BED9-250417EF8567}.Debug|x86.ActiveCfg = Debug|x86
		{C480675E-B8D9-4AE2-BED9-250417EF8567}.Debug|x86.Build.0 = Debug|x86
		{C480675E-B8D9-4AE2-BED9-250417EF8567}.Release|x86.ActiveCfg = Release|x86
		{C480675E-B8D9-4AE2-BED9-250417EF8567}.Release|x86.Build.0 = Release|x86
		{899A3928-061A-430A-9CD3-252C35250FFF}.Debug|x86.ActiveCfg = Debug|x86
		{899A3928-061A-430A-9CD3-252C35250FFF}.Debug|x86.Build.0 = Debug|x86
		{899A3928-061A-430A-9CD3-252C35250FFF}.Release|x86.ActiveCfg = Release|x86
		{899A3928-061A-430A-9CD3-252C35250FFF}.Release|x86.Build.0 = Release|x86
		{B86D2352-3FAD-442D-94A1-6C026E0712F3}.Debug|x86.ActiveCfg = Debug|x86
		{B86D2352-3FAD-442D-94A1-6C026E0712F3}.Release|x86.ActiveCfg = Release|x86
	EndGlobalSection
	GlobalSection(SolutionProperties) = preSolution
		HideSolutionNode = FALSE
	EndGlobalSection
EndGlobal
